
Microsoft Visual Studio Solution File, Format Version 12.00
# Visual Studio 15
VisualStudioVersion = 15.0.28307.421
MinimumVisualStudioVersion = 10.0.40219.1
Project("{FAE04EC0-301F-11D3-BF4B-00C04F79EFBC}") = "kolkoikrzyzyk.Android", "kolkoikrzyzyk\kolkoikrzyzyk.Android\kolkoikrzyzyk.Android.csproj", "{52E2D9F5-9C12-4BE9-B31E-4DA571BC0909}"
EndProject
Project("{FAE04EC0-301F-11D3-BF4B-00C04F79EFBC}") = "kolkoikrzyzyk.iOS", "kolkoikrzyzyk\kolkoikrzyzyk.iOS\kolkoikrzyzyk.iOS.csproj", "{58715B6D-C54B-4B8A-B18E-C3B766C46F21}"
EndProject
Project("{FAE04EC0-301F-11D3-BF4B-00C04F79EFBC}") = "kolkoikrzyzyk.UWP", "kolkoikrzyzyk\kolkoikrzyzyk.UWP\kolkoikrzyzyk.UWP.csproj", "{AAA8DBBF-51A1-499E-A9B0-D5F71168A1D6}"
EndProject
Project("{FAE04EC0-301F-11D3-BF4B-00C04F79EFBC}") = "kolkoikrzyzyk", "kolkoikrzyzyk\kolkoikrzyzyk\kolkoikrzyzyk.csproj", "{C64D764B-BC43-4C01-AC77-33BD4DDD38BE}"
EndProject
Global
	GlobalSection(SolutionConfigurationPlatforms) = preSolution
		Ad-Hoc|Any CPU = Ad-Hoc|Any CPU
		Ad-Hoc|ARM = Ad-Hoc|ARM
		Ad-Hoc|iPhone = Ad-Hoc|iPhone
		Ad-Hoc|iPhoneSimulator = Ad-Hoc|iPhoneSimulator
		Ad-Hoc|x64 = Ad-Hoc|x64
		Ad-Hoc|x86 = Ad-Hoc|x86
		AppStore|Any CPU = AppStore|Any CPU
		AppStore|ARM = AppStore|ARM
		AppStore|iPhone = AppStore|iPhone
		AppStore|iPhoneSimulator = AppStore|iPhoneSimulator
		AppStore|x64 = AppStore|x64
		AppStore|x86 = AppStore|x86
		Debug|Any CPU = Debug|Any CPU
		Debug|ARM = Debug|ARM
		Debug|iPhone = Debug|iPhone
		Debug|iPhoneSimulator = Debug|iPhoneSimulator
		Debug|x64 = Debug|x64
		Debug|x86 = Debug|x86
		Release|Any CPU = Release|Any CPU
		Release|ARM = Release|ARM
		Release|iPhone = Release|iPhone
		Release|iPhoneSimulator = Release|iPhoneSimulator
		Release|x64 = Release|x64
		Release|x86 = Release|x86
	EndGlobalSection
	GlobalSection(ProjectConfigurationPlatforms) = postSolution
		{52E2D9F5-9C12-4BE9-B31E-4DA571BC0909}.Ad-Hoc|Any CPU.ActiveCfg = Release|Any CPU
		{52E2D9F5-9C12-4BE9-B31E-4DA571BC0909}.Ad-Hoc|Any CPU.Build.0 = Release|Any CPU
		{52E2D9F5-9C12-4BE9-B31E-4DA571BC0909}.Ad-Hoc|Any CPU.Deploy.0 = Release|Any CPU
		{52E2D9F5-9C12-4BE9-B31E-4DA571BC0909}.Ad-Hoc|ARM.ActiveCfg = Release|Any CPU
		{52E2D9F5-9C12-4BE9-B31E-4DA571BC0909}.Ad-Hoc|ARM.Build.0 = Release|Any CPU
		{52E2D9F5-9C12-4BE9-B31E-4DA571BC0909}.Ad-Hoc|ARM.Deploy.0 = Release|Any CPU
		{52E2D9F5-9C12-4BE9-B31E-4DA571BC0909}.Ad-Hoc|iPhone.ActiveCfg = Release|Any CPU
		{52E2D9F5-9C12-4BE9-B31E-4DA571BC0909}.Ad-Hoc|iPhone.Build.0 = Release|Any CPU
		{52E2D9F5-9C12-4BE9-B31E-4DA571BC0909}.Ad-Hoc|iPhone.Deploy.0 = Release|Any CPU
		{52E2D9F5-9C12-4BE9-B31E-4DA571BC0909}.Ad-Hoc|iPhoneSimulator.ActiveCfg = Release|Any CPU
		{52E2D9F5-9C12-4BE9-B31E-4DA571BC0909}.Ad-Hoc|iPhoneSimulator.Build.0 = Release|Any CPU
		{52E2D9F5-9C12-4BE9-B31E-4DA571BC0909}.Ad-Hoc|iPhoneSimulator.Deploy.0 = Release|Any CPU
		{52E2D9F5-9C12-4BE9-B31E-4DA571BC0909}.Ad-Hoc|x64.ActiveCfg = Release|Any CPU
		{52E2D9F5-9C12-4BE9-B31E-4DA571BC0909}.Ad-Hoc|x64.Build.0 = Release|Any CPU
		{52E2D9F5-9C12-4BE9-B31E-4DA571BC0909}.Ad-Hoc|x64.Deploy.0 = Release|Any CPU
		{52E2D9F5-9C12-4BE9-B31E-4DA571BC0909}.Ad-Hoc|x86.ActiveCfg = Release|Any CPU
		{52E2D9F5-9C12-4BE9-B31E-4DA571BC0909}.Ad-Hoc|x86.Build.0 = Release|Any CPU
		{52E2D9F5-9C12-4BE9-B31E-4DA571BC0909}.Ad-Hoc|x86.Deploy.0 = Release|Any CPU
		{52E2D9F5-9C12-4BE9-B31E-4DA571BC0909}.AppStore|Any CPU.ActiveCfg = Release|Any CPU
		{52E2D9F5-9C12-4BE9-B31E-4DA571BC0909}.AppStore|Any CPU.Build.0 = Release|Any CPU
		{52E2D9F5-9C12-4BE9-B31E-4DA571BC0909}.AppStore|Any CPU.Deploy.0 = Release|Any CPU
		{52E2D9F5-9C12-4BE9-B31E-4DA571BC0909}.AppStore|ARM.ActiveCfg = Release|Any CPU
		{52E2D9F5-9C12-4BE9-B31E-4DA571BC0909}.AppStore|ARM.Build.0 = Release|Any CPU
		{52E2D9F5-9C12-4BE9-B31E-4DA571BC0909}.AppStore|ARM.Deploy.0 = Release|Any CPU
		{52E2D9F5-9C12-4BE9-B31E-4DA571BC0909}.AppStore|iPhone.ActiveCfg = Release|Any CPU
		{52E2D9F5-9C12-4BE9-B31E-4DA571BC0909}.AppStore|iPhone.Build.0 = Release|Any CPU
		{52E2D9F5-9C12-4BE9-B31E-4DA571BC0909}.AppStore|iPhone.Deploy.0 = Release|Any CPU
		{52E2D9F5-9C12-4BE9-B31E-4DA571BC0909}.AppStore|iPhoneSimulator.ActiveCfg = Release|Any CPU
		{52E2D9F5-9C12-4BE9-B31E-4DA571BC0909}.AppStore|iPhoneSimulator.Build.0 = Release|Any CPU
		{52E2D9F5-9C12-4BE9-B31E-4DA571BC0909}.AppStore|iPhoneSimulator.Deploy.0 = Release|Any CPU
		{52E2D9F5-9C12-4BE9-B31E-4DA571BC0909}.AppStore|x64.ActiveCfg = Release|Any CPU
		{52E2D9F5-9C12-4BE9-B31E-4DA571BC0909}.AppStore|x64.Build.0 = Release|Any CPU
		{52E2D9F5-9C12-4BE9-B31E-4DA571BC0909}.AppStore|x64.Deploy.0 = Release|Any CPU
		{52E2D9F5-9C12-4BE9-B31E-4DA571BC0909}.AppStore|x86.ActiveCfg = Release|Any CPU
		{52E2D9F5-9C12-4BE9-B31E-4DA571BC0909}.AppStore|x86.Build.0 = Release|Any CPU
		{52E2D9F5-9C12-4BE9-B31E-4DA571BC0909}.AppStore|x86.Deploy.0 = Release|Any CPU
		{52E2D9F5-9C12-4BE9-B31E-4DA571BC0909}.Debug|Any CPU.ActiveCfg = Debug|Any CPU
		{52E2D9F5-9C12-4BE9-B31E-4DA571BC0909}.Debug|Any CPU.Build.0 = Debug|Any CPU
		{52E2D9F5-9C12-4BE9-B31E-4DA571BC0909}.Debug|Any CPU.Deploy.0 = Debug|Any CPU
		{52E2D9F5-9C12-4BE9-B31E-4DA571BC0909}.Debug|ARM.ActiveCfg = Debug|Any CPU
		{52E2D9F5-9C12-4BE9-B31E-4DA571BC0909}.Debug|ARM.Build.0 = Debug|Any CPU
		{52E2D9F5-9C12-4BE9-B31E-4DA571BC0909}.Debug|ARM.Deploy.0 = Debug|Any CPU
		{52E2D9F5-9C12-4BE9-B31E-4DA571BC0909}.Debug|iPhone.ActiveCfg = Debug|Any CPU
		{52E2D9F5-9C12-4BE9-B31E-4DA571BC0909}.Debug|iPhone.Build.0 = Debug|Any CPU
		{52E2D9F5-9C12-4BE9-B31E-4DA571BC0909}.Debug|iPhone.Deploy.0 = Debug|Any CPU
		{52E2D9F5-9C12-4BE9-B31E-4DA571BC0909}.Debug|iPhoneSimulator.ActiveCfg = Debug|Any CPU
		{52E2D9F5-9C12-4BE9-B31E-4DA571BC0909}.Debug|iPhoneSimulator.Build.0 = Debug|Any CPU
		{52E2D9F5-9C12-4BE9-B31E-4DA571BC0909}.Debug|iPhoneSimulator.Deploy.0 = Debug|Any CPU
		{52E2D9F5-9C12-4BE9-B31E-4DA571BC0909}.Debug|x64.ActiveCfg = Debug|Any CPU
		{52E2D9F5-9C12-4BE9-B31E-4DA571BC0909}.Debug|x64.Build.0 = Debug|Any CPU
		{52E2D9F5-9C12-4BE9-B31E-4DA571BC0909}.Debug|x64.Deploy.0 = Debug|Any CPU
		{52E2D9F5-9C12-4BE9-B31E-4DA571BC0909}.Debug|x86.ActiveCfg = Debug|Any CPU
		{52E2D9F5-9C12-4BE9-B31E-4DA571BC0909}.Debug|x86.Build.0 = Debug|Any CPU
		{52E2D9F5-9C12-4BE9-B31E-4DA571BC0909}.Debug|x86.Deploy.0 = Debug|Any CPU
		{52E2D9F5-9C12-4BE9-B31E-4DA571BC0909}.Release|Any CPU.ActiveCfg = Release|Any CPU
		{52E2D9F5-9C12-4BE9-B31E-4DA571BC0909}.Release|Any CPU.Build.0 = Release|Any CPU
		{52E2D9F5-9C12-4BE9-B31E-4DA571BC0909}.Release|Any CPU.Deploy.0 = Release|Any CPU
		{52E2D9F5-9C12-4BE9-B31E-4DA571BC0909}.Release|ARM.ActiveCfg = Release|Any CPU
		{52E2D9F5-9C12-4BE9-B31E-4DA571BC0909}.Release|ARM.Build.0 = Release|Any CPU
		{52E2D9F5-9C12-4BE9-B31E-4DA571BC0909}.Release|ARM.Deploy.0 = Release|Any CPU
		{52E2D9F5-9C12-4BE9-B31E-4DA571BC0909}.Release|iPhone.ActiveCfg = Release|Any CPU
		{52E2D9F5-9C12-4BE9-B31E-4DA571BC0909}.Release|iPhone.Build.0 = Release|Any CPU
		{52E2D9F5-9C12-4BE9-B31E-4DA571BC0909}.Release|iPhone.Deploy.0 = Release|Any CPU
		{52E2D9F5-9C12-4BE9-B31E-4DA571BC0909}.Release|iPhoneSimulator.ActiveCfg = Release|Any CPU
		{52E2D9F5-9C12-4BE9-B31E-4DA571BC0909}.Release|iPhoneSimulator.Build.0 = Release|Any CPU
		{52E2D9F5-9C12-4BE9-B31E-4DA571BC0909}.Release|iPhoneSimulator.Deploy.0 = Release|Any CPU
		{52E2D9F5-9C12-4BE9-B31E-4DA571BC0909}.Release|x64.ActiveCfg = Release|Any CPU
		{52E2D9F5-9C12-4BE9-B31E-4DA571BC0909}.Release|x64.Build.0 = Release|Any CPU
		{52E2D9F5-9C12-4BE9-B31E-4DA571BC0909}.Release|x64.Deploy.0 = Release|Any CPU
		{52E2D9F5-9C12-4BE9-B31E-4DA571BC0909}.Release|x86.ActiveCfg = Release|Any CPU
		{52E2D9F5-9C12-4BE9-B31E-4DA571BC0909}.Release|x86.Build.0 = Release|Any CPU
		{52E2D9F5-9C12-4BE9-B31E-4DA571BC0909}.Release|x86.Deploy.0 = Release|Any CPU
		{58715B6D-C54B-4B8A-B18E-C3B766C46F21}.Ad-Hoc|Any CPU.ActiveCfg = Ad-Hoc|iPhone
		{58715B6D-C54B-4B8A-B18E-C3B766C46F21}.Ad-Hoc|Any CPU.Build.0 = Ad-Hoc|iPhone
		{58715B6D-C54B-4B8A-B18E-C3B766C46F21}.Ad-Hoc|Any CPU.Deploy.0 = Ad-Hoc|iPhone
		{58715B6D-C54B-4B8A-B18E-C3B766C46F21}.Ad-Hoc|ARM.ActiveCfg = Ad-Hoc|iPhone
		{58715B6D-C54B-4B8A-B18E-C3B766C46F21}.Ad-Hoc|ARM.Build.0 = Ad-Hoc|iPhone
		{58715B6D-C54B-4B8A-B18E-C3B766C46F21}.Ad-Hoc|ARM.Deploy.0 = Ad-Hoc|iPhone
		{58715B6D-C54B-4B8A-B18E-C3B766C46F21}.Ad-Hoc|iPhone.ActiveCfg = Ad-Hoc|iPhone
		{58715B6D-C54B-4B8A-B18E-C3B766C46F21}.Ad-Hoc|iPhone.Build.0 = Ad-Hoc|iPhone
		{58715B6D-C54B-4B8A-B18E-C3B766C46F21}.Ad-Hoc|iPhone.Deploy.0 = Ad-Hoc|iPhone
		{58715B6D-C54B-4B8A-B18E-C3B766C46F21}.Ad-Hoc|iPhoneSimulator.ActiveCfg = Ad-Hoc|iPhoneSimulator
		{58715B6D-C54B-4B8A-B18E-C3B766C46F21}.Ad-Hoc|iPhoneSimulator.Build.0 = Ad-Hoc|iPhoneSimulator
		{58715B6D-C54B-4B8A-B18E-C3B766C46F21}.Ad-Hoc|iPhoneSimulator.Deploy.0 = Ad-Hoc|iPhoneSimulator
		{58715B6D-C54B-4B8A-B18E-C3B766C46F21}.Ad-Hoc|x64.ActiveCfg = Ad-Hoc|iPhone
		{58715B6D-C54B-4B8A-B18E-C3B766C46F21}.Ad-Hoc|x64.Build.0 = Ad-Hoc|iPhone
		{58715B6D-C54B-4B8A-B18E-C3B766C46F21}.Ad-Hoc|x64.Deploy.0 = Ad-Hoc|iPhone
		{58715B6D-C54B-4B8A-B18E-C3B766C46F21}.Ad-Hoc|x86.ActiveCfg = Ad-Hoc|iPhone
		{58715B6D-C54B-4B8A-B18E-C3B766C46F21}.Ad-Hoc|x86.Build.0 = Ad-Hoc|iPhone
		{58715B6D-C54B-4B8A-B18E-C3B766C46F21}.Ad-Hoc|x86.Deploy.0 = Ad-Hoc|iPhone
		{58715B6D-C54B-4B8A-B18E-C3B766C46F21}.AppStore|Any CPU.ActiveCfg = AppStore|iPhone
		{58715B6D-C54B-4B8A-B18E-C3B766C46F21}.AppStore|Any CPU.Build.0 = AppStore|iPhone
		{58715B6D-C54B-4B8A-B18E-C3B766C46F21}.AppStore|Any CPU.Deploy.0 = AppStore|iPhone
		{58715B6D-C54B-4B8A-B18E-C3B766C46F21}.AppStore|ARM.ActiveCfg = AppStore|iPhone
		{58715B6D-C54B-4B8A-B18E-C3B766C46F21}.AppStore|ARM.Build.0 = AppStore|iPhone
		{58715B6D-C54B-4B8A-B18E-C3B766C46F21}.AppStore|ARM.Deploy.0 = AppStore|iPhone
		{58715B6D-C54B-4B8A-B18E-C3B766C46F21}.AppStore|iPhone.ActiveCfg = AppStore|iPhone
		{58715B6D-C54B-4B8A-B18E-C3B766C46F21}.AppStore|iPhone.Build.0 = AppStore|iPhone
		{58715B6D-C54B-4B8A-B18E-C3B766C46F21}.AppStore|iPhone.Deploy.0 = AppStore|iPhone
		{58715B6D-C54B-4B8A-B18E-C3B766C46F21}.AppStore|iPhoneSimulator.ActiveCfg = AppStore|iPhoneSimulator
		{58715B6D-C54B-4B8A-B18E-C3B766C46F21}.AppStore|iPhoneSimulator.Build.0 = AppStore|iPhoneSimulator
		{58715B6D-C54B-4B8A-B18E-C3B766C46F21}.AppStore|iPhoneSimulator.Deploy.0 = AppStore|iPhoneSimulator
		{58715B6D-C54B-4B8A-B18E-C3B766C46F21}.AppStore|x64.ActiveCfg = AppStore|iPhone
		{58715B6D-C54B-4B8A-B18E-C3B766C46F21}.AppStore|x64.Build.0 = AppStore|iPhone
		{58715B6D-C54B-4B8A-B18E-C3B766C46F21}.AppStore|x64.Deploy.0 = AppStore|iPhone
		{58715B6D-C54B-4B8A-B18E-C3B766C46F21}.AppStore|x86.ActiveCfg = AppStore|iPhone
		{58715B6D-C54B-4B8A-B18E-C3B766C46F21}.AppStore|x86.Build.0 = AppStore|iPhone
		{58715B6D-C54B-4B8A-B18E-C3B766C46F21}.AppStore|x86.Deploy.0 = AppStore|iPhone
		{58715B6D-C54B-4B8A-B18E-C3B766C46F21}.Debug|Any CPU.ActiveCfg = Debug|iPhoneSimulator
		{58715B6D-C54B-4B8A-B18E-C3B766C46F21}.Debug|Any CPU.Build.0 = Debug|iPhoneSimulator
		{58715B6D-C54B-4B8A-B18E-C3B766C46F21}.Debug|Any CPU.Deploy.0 = Debug|iPhoneSimulator
		{58715B6D-C54B-4B8A-B18E-C3B766C46F21}.Debug|ARM.ActiveCfg = Debug|iPhone
		{58715B6D-C54B-4B8A-B18E-C3B766C46F21}.Debug|ARM.Build.0 = Debug|iPhone
		{58715B6D-C54B-4B8A-B18E-C3B766C46F21}.Debug|ARM.Deploy.0 = Debug|iPhone
		{58715B6D-C54B-4B8A-B18E-C3B766C46F21}.Debug|iPhone.ActiveCfg = Debug|iPhone
		{58715B6D-C54B-4B8A-B18E-C3B766C46F21}.Debug|iPhone.Build.0 = Debug|iPhone
		{58715B6D-C54B-4B8A-B18E-C3B766C46F21}.Debug|iPhone.Deploy.0 = Debug|iPhone
		{58715B6D-C54B-4B8A-B18E-C3B766C46F21}.Debug|iPhoneSimulator.ActiveCfg = Debug|iPhoneSimulator
		{58715B6D-C54B-4B8A-B18E-C3B766C46F21}.Debug|iPhoneSimulator.Build.0 = Debug|iPhoneSimulator
		{58715B6D-C54B-4B8A-B18E-C3B766C46F21}.Debug|iPhoneSimulator.Deploy.0 = Debug|iPhoneSimulator
		{58715B6D-C54B-4B8A-B18E-C3B766C46F21}.Debug|x64.ActiveCfg = Debug|iPhone
		{58715B6D-C54B-4B8A-B18E-C3B766C46F21}.Debug|x64.Build.0 = Debug|iPhone
		{58715B6D-C54B-4B8A-B18E-C3B766C46F21}.Debug|x64.Deploy.0 = Debug|iPhone
		{58715B6D-C54B-4B8A-B18E-C3B766C46F21}.Debug|x86.ActiveCfg = Debug|iPhone
		{58715B6D-C54B-4B8A-B18E-C3B766C46F21}.Debug|x86.Build.0 = Debug|iPhone
		{58715B6D-C54B-4B8A-B18E-C3B766C46F21}.Debug|x86.Deploy.0 = Debug|iPhone
		{58715B6D-C54B-4B8A-B18E-C3B766C46F21}.Release|Any CPU.ActiveCfg = Release|iPhone
		{58715B6D-C54B-4B8A-B18E-C3B766C46F21}.Release|Any CPU.Build.0 = Release|iPhone
		{58715B6D-C54B-4B8A-B18E-C3B766C46F21}.Release|Any CPU.Deploy.0 = Release|iPhone
		{58715B6D-C54B-4B8A-B18E-C3B766C46F21}.Release|ARM.ActiveCfg = Release|iPhone
		{58715B6D-C54B-4B8A-B18E-C3B766C46F21}.Release|ARM.Build.0 = Release|iPhone
		{58715B6D-C54B-4B8A-B18E-C3B766C46F21}.Release|ARM.Deploy.0 = Release|iPhone
		{58715B6D-C54B-4B8A-B18E-C3B766C46F21}.Release|iPhone.ActiveCfg = Release|iPhone
		{58715B6D-C54B-4B8A-B18E-C3B766C46F21}.Release|iPhone.Build.0 = Release|iPhone
		{58715B6D-C54B-4B8A-B18E-C3B766C46F21}.Release|iPhone.Deploy.0 = Release|iPhone
		{58715B6D-C54B-4B8A-B18E-C3B766C46F21}.Release|iPhoneSimulator.ActiveCfg = Release|iPhoneSimulator
		{58715B6D-C54B-4B8A-B18E-C3B766C46F21}.Release|iPhoneSimulator.Build.0 = Release|iPhoneSimulator
		{58715B6D-C54B-4B8A-B18E-C3B766C46F21}.Release|iPhoneSimulator.Deploy.0 = Release|iPhoneSimulator
		{58715B6D-C54B-4B8A-B18E-C3B766C46F21}.Release|x64.ActiveCfg = Release|iPhone
		{58715B6D-C54B-4B8A-B18E-C3B766C46F21}.Release|x64.Build.0 = Release|iPhone
		{58715B6D-C54B-4B8A-B18E-C3B766C46F21}.Release|x64.Deploy.0 = Release|iPhone
		{58715B6D-C54B-4B8A-B18E-C3B766C46F21}.Release|x86.ActiveCfg = Release|iPhone
		{58715B6D-C54B-4B8A-B18E-C3B766C46F21}.Release|x86.Build.0 = Release|iPhone
		{58715B6D-C54B-4B8A-B18E-C3B766C46F21}.Release|x86.Deploy.0 = Release|iPhone
		{AAA8DBBF-51A1-499E-A9B0-D5F71168A1D6}.Ad-Hoc|Any CPU.ActiveCfg = Release|x86
		{AAA8DBBF-51A1-499E-A9B0-D5F71168A1D6}.Ad-Hoc|Any CPU.Build.0 = Release|x86
		{AAA8DBBF-51A1-499E-A9B0-D5F71168A1D6}.Ad-Hoc|Any CPU.Deploy.0 = Release|x86
		{AAA8DBBF-51A1-499E-A9B0-D5F71168A1D6}.Ad-Hoc|ARM.ActiveCfg = Release|ARM
		{AAA8DBBF-51A1-499E-A9B0-D5F71168A1D6}.Ad-Hoc|ARM.Build.0 = Release|ARM
		{AAA8DBBF-51A1-499E-A9B0-D5F71168A1D6}.Ad-Hoc|ARM.Deploy.0 = Release|ARM
		{AAA8DBBF-51A1-499E-A9B0-D5F71168A1D6}.Ad-Hoc|iPhone.ActiveCfg = Release|x86
		{AAA8DBBF-51A1-499E-A9B0-D5F71168A1D6}.Ad-Hoc|iPhone.Build.0 = Release|x86
		{AAA8DBBF-51A1-499E-A9B0-D5F71168A1D6}.Ad-Hoc|iPhone.Deploy.0 = Release|x86
		{AAA8DBBF-51A1-499E-A9B0-D5F71168A1D6}.Ad-Hoc|iPhoneSimulator.ActiveCfg = Release|x86
		{AAA8DBBF-51A1-499E-A9B0-D5F71168A1D6}.Ad-Hoc|iPhoneSimulator.Build.0 = Release|x86
		{AAA8DBBF-51A1-499E-A9B0-D5F71168A1D6}.Ad-Hoc|iPhoneSimulator.Deploy.0 = Release|x86
		{AAA8DBBF-51A1-499E-A9B0-D5F71168A1D6}.Ad-Hoc|x64.ActiveCfg = Release|x64
		{AAA8DBBF-51A1-499E-A9B0-D5F71168A1D6}.Ad-Hoc|x64.Build.0 = Release|x64
		{AAA8DBBF-51A1-499E-A9B0-D5F71168A1D6}.Ad-Hoc|x64.Deploy.0 = Release|x64
		{AAA8DBBF-51A1-499E-A9B0-D5F71168A1D6}.Ad-Hoc|x86.ActiveCfg = Release|x86
		{AAA8DBBF-51A1-499E-A9B0-D5F71168A1D6}.Ad-Hoc|x86.Build.0 = Release|x86
		{AAA8DBBF-51A1-499E-A9B0-D5F71168A1D6}.Ad-Hoc|x86.Deploy.0 = Release|x86
		{AAA8DBBF-51A1-499E-A9B0-D5F71168A1D6}.AppStore|Any CPU.ActiveCfg = Release|x86
		{AAA8DBBF-51A1-499E-A9B0-D5F71168A1D6}.AppStore|Any CPU.Build.0 = Release|x86
		{AAA8DBBF-51A1-499E-A9B0-D5F71168A1D6}.AppStore|Any CPU.Deploy.0 = Release|x86
		{AAA8DBBF-51A1-499E-A9B0-D5F71168A1D6}.AppStore|ARM.ActiveCfg = Release|ARM
		{AAA8DBBF-51A1-499E-A9B0-D5F71168A1D6}.AppStore|ARM.Build.0 = Release|ARM
		{AAA8DBBF-51A1-499E-A9B0-D5F71168A1D6}.AppStore|ARM.Deploy.0 = Release|ARM
		{AAA8DBBF-51A1-499E-A9B0-D5F71168A1D6}.AppStore|iPhone.ActiveCfg = Release|x86
		{AAA8DBBF-51A1-499E-A9B0-D5F71168A1D6}.AppStore|iPhone.Build.0 = Release|x86
		{AAA8DBBF-51A1-499E-A9B0-D5F71168A1D6}.AppStore|iPhone.Deploy.0 = Release|x86
		{AAA8DBBF-51A1-499E-A9B0-D5F71168A1D6}.AppStore|iPhoneSimulator.ActiveCfg = Release|x86
		{AAA8DBBF-51A1-499E-A9B0-D5F71168A1D6}.AppStore|iPhoneSimulator.Build.0 = Release|x86
		{AAA8DBBF-51A1-499E-A9B0-D5F71168A1D6}.AppStore|iPhoneSimulator.Deploy.0 = Release|x86
		{AAA8DBBF-51A1-499E-A9B0-D5F71168A1D6}.AppStore|x64.ActiveCfg = Release|x64
		{AAA8DBBF-51A1-499E-A9B0-D5F71168A1D6}.AppStore|x64.Build.0 = Release|x64
		{AAA8DBBF-51A1-499E-A9B0-D5F71168A1D6}.AppStore|x64.Deploy.0 = Release|x64
		{AAA8DBBF-51A1-499E-A9B0-D5F71168A1D6}.AppStore|x86.ActiveCfg = Release|x86
		{AAA8DBBF-51A1-499E-A9B0-D5F71168A1D6}.AppStore|x86.Build.0 = Release|x86
		{AAA8DBBF-51A1-499E-A9B0-D5F71168A1D6}.AppStore|x86.Deploy.0 = Release|x86
		{AAA8DBBF-51A1-499E-A9B0-D5F71168A1D6}.Debug|Any CPU.ActiveCfg = Debug|x86
		{AAA8DBBF-51A1-499E-A9B0-D5F71168A1D6}.Debug|Any CPU.Build.0 = Debug|x86
		{AAA8DBBF-51A1-499E-A9B0-D5F71168A1D6}.Debug|Any CPU.Deploy.0 = Debug|x86
		{AAA8DBBF-51A1-499E-A9B0-D5F71168A1D6}.Debug|ARM.ActiveCfg = Debug|ARM
		{AAA8DBBF-51A1-499E-A9B0-D5F71168A1D6}.Debug|ARM.Build.0 = Debug|ARM
		{AAA8DBBF-51A1-499E-A9B0-D5F71168A1D6}.Debug|ARM.Deploy.0 = Debug|ARM
		{AAA8DBBF-51A1-499E-A9B0-D5F71168A1D6}.Debug|iPhone.ActiveCfg = Debug|x86
		{AAA8DBBF-51A1-499E-A9B0-D5F71168A1D6}.Debug|iPhone.Build.0 = Debug|x86
		{AAA8DBBF-51A1-499E-A9B0-D5F71168A1D6}.Debug|iPhone.Deploy.0 = Debug|x86
		{AAA8DBBF-51A1-499E-A9B0-D5F71168A1D6}.Debug|iPhoneSimulator.ActiveCfg = Debug|x86
		{AAA8DBBF-51A1-499E-A9B0-D5F71168A1D6}.Debug|iPhoneSimulator.Build.0 = Debug|x86
		{AAA8DBBF-51A1-499E-A9B0-D5F71168A1D6}.Debug|iPhoneSimulator.Deploy.0 = Debug|x86
		{AAA8DBBF-51A1-499E-A9B0-D5F71168A1D6}.Debug|x64.ActiveCfg = Debug|x64
		{AAA8DBBF-51A1-499E-A9B0-D5F71168A1D6}.Debug|x64.Build.0 = Debug|x64
		{AAA8DBBF-51A1-499E-A9B0-D5F71168A1D6}.Debug|x64.Deploy.0 = Debug|x64
		{AAA8DBBF-51A1-499E-A9B0-D5F71168A1D6}.Debug|x86.ActiveCfg = Debug|x86
		{AAA8DBBF-51A1-499E-A9B0-D5F71168A1D6}.Debug|x86.Build.0 = Debug|x86
		{AAA8DBBF-51A1-499E-A9B0-D5F71168A1D6}.Debug|x86.Deploy.0 = Debug|x86
		{AAA8DBBF-51A1-499E-A9B0-D5F71168A1D6}.Release|Any CPU.ActiveCfg = Release|x86
		{AAA8DBBF-51A1-499E-A9B0-D5F71168A1D6}.Release|Any CPU.Build.0 = Release|x86
		{AAA8DBBF-51A1-499E-A9B0-D5F71168A1D6}.Release|Any CPU.Deploy.0 = Release|x86
		{AAA8DBBF-51A1-499E-A9B0-D5F71168A1D6}.Release|ARM.ActiveCfg = Release|ARM
		{AAA8DBBF-51A1-499E-A9B0-D5F71168A1D6}.Release|ARM.Build.0 = Release|ARM
		{AAA8DBBF-51A1-499E-A9B0-D5F71168A1D6}.Release|ARM.Deploy.0 = Release|ARM
		{AAA8DBBF-51A1-499E-A9B0-D5F71168A1D6}.Release|iPhone.ActiveCfg = Release|x86
		{AAA8DBBF-51A1-499E-A9B0-D5F71168A1D6}.Release|iPhone.Build.0 = Release|x86
		{AAA8DBBF-51A1-499E-A9B0-D5F71168A1D6}.Release|iPhone.Deploy.0 = Release|x86
		{AAA8DBBF-51A1-499E-A9B0-D5F71168A1D6}.Release|iPhoneSimulator.ActiveCfg = Release|x86
		{AAA8DBBF-51A1-499E-A9B0-D5F71168A1D6}.Release|iPhoneSimulator.Build.0 = Release|x86
		{AAA8DBBF-51A1-499E-A9B0-D5F71168A1D6}.Release|iPhoneSimulator.Deploy.0 = Release|x86
		{AAA8DBBF-51A1-499E-A9B0-D5F71168A1D6}.Release|x64.ActiveCfg = Release|x64
		{AAA8DBBF-51A1-499E-A9B0-D5F71168A1D6}.Release|x64.Build.0 = Release|x64
		{AAA8DBBF-51A1-499E-A9B0-D5F71168A1D6}.Release|x64.Deploy.0 = Release|x64
		{AAA8DBBF-51A1-499E-A9B0-D5F71168A1D6}.Release|x86.ActiveCfg = Release|x86
		{AAA8DBBF-51A1-499E-A9B0-D5F71168A1D6}.Release|x86.Build.0 = Release|x86
		{AAA8DBBF-51A1-499E-A9B0-D5F71168A1D6}.Release|x86.Deploy.0 = Release|x86
		{C64D764B-BC43-4C01-AC77-33BD4DDD38BE}.Ad-Hoc|Any CPU.ActiveCfg = Debug|Any CPU
		{C64D764B-BC43-4C01-AC77-33BD4DDD38BE}.Ad-Hoc|Any CPU.Build.0 = Debug|Any CPU
		{C64D764B-BC43-4C01-AC77-33BD4DDD38BE}.Ad-Hoc|Any CPU.Deploy.0 = Debug|Any CPU
		{C64D764B-BC43-4C01-AC77-33BD4DDD38BE}.Ad-Hoc|ARM.ActiveCfg = Debug|Any CPU
		{C64D764B-BC43-4C01-AC77-33BD4DDD38BE}.Ad-Hoc|ARM.Build.0 = Debug|Any CPU
		{C64D764B-BC43-4C01-AC77-33BD4DDD38BE}.Ad-Hoc|ARM.Deploy.0 = Debug|Any CPU
		{C64D764B-BC43-4C01-AC77-33BD4DDD38BE}.Ad-Hoc|iPhone.ActiveCfg = Debug|Any CPU
		{C64D764B-BC43-4C01-AC77-33BD4DDD38BE}.Ad-Hoc|iPhone.Build.0 = Debug|Any CPU
		{C64D764B-BC43-4C01-AC77-33BD4DDD38BE}.Ad-Hoc|iPhone.Deploy.0 = Debug|Any CPU
		{C64D764B-BC43-4C01-AC77-33BD4DDD38BE}.Ad-Hoc|iPhoneSimulator.ActiveCfg = Debug|Any CPU
		{C64D764B-BC43-4C01-AC77-33BD4DDD38BE}.Ad-Hoc|iPhoneSimulator.Build.0 = Debug|Any CPU
		{C64D764B-BC43-4C01-AC77-33BD4DDD38BE}.Ad-Hoc|iPhoneSimulator.Deploy.0 = Debug|Any CPU
		{C64D764B-BC43-4C01-AC77-33BD4DDD38BE}.Ad-Hoc|x64.ActiveCfg = Debug|Any CPU
		{C64D764B-BC43-4C01-AC77-33BD4DDD38BE}.Ad-Hoc|x64.Build.0 = Debug|Any CPU
		{C64D764B-BC43-4C01-AC77-33BD4DDD38BE}.Ad-Hoc|x64.Deploy.0 = Debug|Any CPU
		{C64D764B-BC43-4C01-AC77-33BD4DDD38BE}.Ad-Hoc|x86.ActiveCfg = Debug|Any CPU
		{C64D764B-BC43-4C01-AC77-33BD4DDD38BE}.Ad-Hoc|x86.Build.0 = Debug|Any CPU
		{C64D764B-BC43-4C01-AC77-33BD4DDD38BE}.Ad-Hoc|x86.Deploy.0 = Debug|Any CPU
		{C64D764B-BC43-4C01-AC77-33BD4DDD38BE}.AppStore|Any CPU.ActiveCfg = Debug|Any CPU
		{C64D764B-BC43-4C01-AC77-33BD4DDD38BE}.AppStore|Any CPU.Build.0 = Debug|Any CPU
		{C64D764B-BC43-4C01-AC77-33BD4DDD38BE}.AppStore|Any CPU.Deploy.0 = Debug|Any CPU
		{C64D764B-BC43-4C01-AC77-33BD4DDD38BE}.AppStore|ARM.ActiveCfg = Debug|Any CPU
		{C64D764B-BC43-4C01-AC77-33BD4DDD38BE}.AppStore|ARM.Build.0 = Debug|Any CPU
		{C64D764B-BC43-4C01-AC77-33BD4DDD38BE}.AppStore|ARM.Deploy.0 = Debug|Any CPU
		{C64D764B-BC43-4C01-AC77-33BD4DDD38BE}.AppStore|iPhone.ActiveCfg = Debug|Any CPU
		{C64D764B-BC43-4C01-AC77-33BD4DDD38BE}.AppStore|iPhone.Build.0 = Debug|Any CPU
		{C64D764B-BC43-4C01-AC77-33BD4DDD38BE}.AppStore|iPhone.Deploy.0 = Debug|Any CPU
		{C64D764B-BC43-4C01-AC77-33BD4DDD38BE}.AppStore|iPhoneSimulator.ActiveCfg = Debug|Any CPU
		{C64D764B-BC43-4C01-AC77-33BD4DDD38BE}.AppStore|iPhoneSimulator.Build.0 = Debug|Any CPU
		{C64D764B-BC43-4C01-AC77-33BD4DDD38BE}.AppStore|iPhoneSimulator.Deploy.0 = Debug|Any CPU
		{C64D764B-BC43-4C01-AC77-33BD4DDD38BE}.AppStore|x64.ActiveCfg = Debug|Any CPU
		{C64D764B-BC43-4C01-AC77-33BD4DDD38BE}.AppStore|x64.Build.0 = Debug|Any CPU
		{C64D764B-BC43-4C01-AC77-33BD4DDD38BE}.AppStore|x64.Deploy.0 = Debug|Any CPU
		{C64D764B-BC43-4C01-AC77-33BD4DDD38BE}.AppStore|x86.ActiveCfg = Debug|Any CPU
		{C64D764B-BC43-4C01-AC77-33BD4DDD38BE}.AppStore|x86.Build.0 = Debug|Any CPU
		{C64D764B-BC43-4C01-AC77-33BD4DDD38BE}.AppStore|x86.Deploy.0 = Debug|Any CPU
		{C64D764B-BC43-4C01-AC77-33BD4DDD38BE}.Debug|Any CPU.ActiveCfg = Debug|Any CPU
		{C64D764B-BC43-4C01-AC77-33BD4DDD38BE}.Debug|Any CPU.Build.0 = Debug|Any CPU
		{C64D764B-BC43-4C01-AC77-33BD4DDD38BE}.Debug|Any CPU.Deploy.0 = Debug|Any CPU
		{C64D764B-BC43-4C01-AC77-33BD4DDD38BE}.Debug|ARM.ActiveCfg = Debug|Any CPU
		{C64D764B-BC43-4C01-AC77-33BD4DDD38BE}.Debug|ARM.Build.0 = Debug|Any CPU
		{C64D764B-BC43-4C01-AC77-33BD4DDD38BE}.Debug|ARM.Deploy.0 = Debug|Any CPU
		{C64D764B-BC43-4C01-AC77-33BD4DDD38BE}.Debug|iPhone.ActiveCfg = Debug|Any CPU
		{C64D764B-BC43-4C01-AC77-33BD4DDD38BE}.Debug|iPhone.Build.0 = Debug|Any CPU
		{C64D764B-BC43-4C01-AC77-33BD4DDD38BE}.Debug|iPhone.Deploy.0 = Debug|Any CPU
		{C64D764B-BC43-4C01-AC77-33BD4DDD38BE}.Debug|iPhoneSimulator.ActiveCfg = Debug|Any CPU
		{C64D764B-BC43-4C01-AC77-33BD4DDD38BE}.Debug|iPhoneSimulator.Build.0 = Debug|Any CPU
		{C64D764B-BC43-4C01-AC77-33BD4DDD38BE}.Debug|iPhoneSimulator.Deploy.0 = Debug|Any CPU
		{C64D764B-BC43-4C01-AC77-33BD4DDD38BE}.Debug|x64.ActiveCfg = Debug|Any CPU
		{C64D764B-BC43-4C01-AC77-33BD4DDD38BE}.Debug|x64.Build.0 = Debug|Any CPU
		{C64D764B-BC43-4C01-AC77-33BD4DDD38BE}.Debug|x64.Deploy.0 = Debug|Any CPU
		{C64D764B-BC43-4C01-AC77-33BD4DDD38BE}.Debug|x86.ActiveCfg = Debug|Any CPU
		{C64D764B-BC43-4C01-AC77-33BD4DDD38BE}.Debug|x86.Build.0 = Debug|Any CPU
		{C64D764B-BC43-4C01-AC77-33BD4DDD38BE}.Debug|x86.Deploy.0 = Debug|Any CPU
		{C64D764B-BC43-4C01-AC77-33BD4DDD38BE}.Release|Any CPU.ActiveCfg = Release|Any CPU
		{C64D764B-BC43-4C01-AC77-33BD4DDD38BE}.Release|Any CPU.Build.0 = Release|Any CPU
		{C64D764B-BC43-4C01-AC77-33BD4DDD38BE}.Release|Any CPU.Deploy.0 = Release|Any CPU
		{C64D764B-BC43-4C01-AC77-33BD4DDD38BE}.Release|ARM.ActiveCfg = Release|Any CPU
		{C64D764B-BC43-4C01-AC77-33BD4DDD38BE}.Release|ARM.Build.0 = Release|Any CPU
		{C64D764B-BC43-4C01-AC77-33BD4DDD38BE}.Release|ARM.Deploy.0 = Release|Any CPU
		{C64D764B-BC43-4C01-AC77-33BD4DDD38BE}.Release|iPhone.ActiveCfg = Release|Any CPU
		{C64D764B-BC43-4C01-AC77-33BD4DDD38BE}.Release|iPhone.Build.0 = Release|Any CPU
		{C64D764B-BC43-4C01-AC77-33BD4DDD38BE}.Release|iPhone.Deploy.0 = Release|Any CPU
		{C64D764B-BC43-4C01-AC77-33BD4DDD38BE}.Release|iPhoneSimulator.ActiveCfg = Release|Any CPU
		{C64D764B-BC43-4C01-AC77-33BD4DDD38BE}.Release|iPhoneSimulator.Build.0 = Release|Any CPU
		{C64D764B-BC43-4C01-AC77-33BD4DDD38BE}.Release|iPhoneSimulator.Deploy.0 = Release|Any CPU
		{C64D764B-BC43-4C01-AC77-33BD4DDD38BE}.Release|x64.ActiveCfg = Release|Any CPU
		{C64D764B-BC43-4C01-AC77-33BD4DDD38BE}.Release|x64.Build.0 = Release|Any CPU
		{C64D764B-BC43-4C01-AC77-33BD4DDD38BE}.Release|x64.Deploy.0 = Release|Any CPU
		{C64D764B-BC43-4C01-AC77-33BD4DDD38BE}.Release|x86.ActiveCfg = Release|Any CPU
		{C64D764B-BC43-4C01-AC77-33BD4DDD38BE}.Release|x86.Build.0 = Release|Any CPU
		{C64D764B-BC43-4C01-AC77-33BD4DDD38BE}.Release|x86.Deploy.0 = Release|Any CPU
	EndGlobalSection
	GlobalSection(SolutionProperties) = preSolution
		HideSolutionNode = FALSE
	EndGlobalSection
	GlobalSection(ExtensibilityGlobals) = postSolution
		SolutionGuid = {741D1A6D-2778-4310-ACA1-7B373D02C760}
	EndGlobalSection
EndGlobal
